
Microsoft Visual Studio Solution File, Format Version 12.00
Project("{FAE04EC0-301F-11D3-BF4B-00C04F79EFBC}") = "CompanyEmployees", "CompanyEmployees\CompanyEmployees.csproj", "{DAEAFC1C-5E4F-4817-BFAA-E1B5F0D9FD64}"
EndProject
Project("{FAE04EC0-301F-11D3-BF4B-00C04F79EFBC}") = "MiddlewareExample", "MiddlewareExample\MiddlewareExample.csproj", "{28694C11-178C-49C3-B871-67D2EB517013}"
EndProject
Global
	GlobalSection(SolutionConfigurationPlatforms) = preSolution
		Debug|Any CPU = Debug|Any CPU
		Release|Any CPU = Release|Any CPU
	EndGlobalSection
	GlobalSection(ProjectConfigurationPlatforms) = postSolution
		{DAEAFC1C-5E4F-4817-BFAA-E1B5F0D9FD64}.Debug|Any CPU.ActiveCfg = Debug|Any CPU
		{DAEAFC1C-5E4F-4817-BFAA-E1B5F0D9FD64}.Debug|Any CPU.Build.0 = Debug|Any CPU
		{DAEAFC1C-5E4F-4817-BFAA-E1B5F0D9FD64}.Release|Any CPU.ActiveCfg = Release|Any CPU
		{DAEAFC1C-5E4F-4817-BFAA-E1B5F0D9FD64}.Release|Any CPU.Build.0 = Release|Any CPU
		{28694C11-178C-49C3-B871-67D2EB517013}.Debug|Any CPU.ActiveCfg = Debug|Any CPU
		{28694C11-178C-49C3-B871-67D2EB517013}.Debug|Any CPU.Build.0 = Debug|Any CPU
		{28694C11-178C-49C3-B871-67D2EB517013}.Release|Any CPU.ActiveCfg = Release|Any CPU
		{28694C11-178C-49C3-B871-67D2EB517013}.Release|Any CPU.Build.0 = Release|Any CPU
	EndGlobalSection
EndGlobal
